
Microsoft Visual Studio Solution File, Format Version 12.00
# Visual Studio Version 16
VisualStudioVersion = 16.0.30621.155
MinimumVisualStudioVersion = 10.0.40219.1
Project("{FAE04EC0-301F-11D3-BF4B-00C04F79EFBC}") = "Project_1[BBF]", "Project_1[BBF].csproj", "{914B4520-B0F7-4A40-B328-26A12959175E}"
EndProject
Global
	GlobalSection(SolutionConfigurationPlatforms) = preSolution
		Debug|Any CPU = Debug|Any CPU
		Release|Any CPU = Release|Any CPU
	EndGlobalSection
	GlobalSection(ProjectConfigurationPlatforms) = postSolution
		{914B4520-B0F7-4A40-B328-26A12959175E}.Debug|Any CPU.ActiveCfg = Debug|Any CPU
		{914B4520-B0F7-4A40-B328-26A12959175E}.Debug|Any CPU.Build.0 = Debug|Any CPU
		{914B4520-B0F7-4A40-B328-26A12959175E}.Release|Any CPU.ActiveCfg = Release|Any CPU
		{914B4520-B0F7-4A40-B328-26A12959175E}.Release|Any CPU.Build.0 = Release|Any CPU
	EndGlobalSection
	GlobalSection(SolutionProperties) = preSolution
		HideSolutionNode = FALSE
	EndGlobalSection
	GlobalSection(ExtensibilityGlobals) = postSolution
		SolutionGuid = {364417F7-357E-494D-950D-FA223FFFB491}
	EndGlobalSection
EndGlobal
